
Microsoft Visual Studio Solution File, Format Version 12.00
# Visual Studio Version 16
VisualStudioVersion = 16.0.29911.84
MinimumVisualStudioVersion = 10.0.40219.1
Project("{9A19103F-16F7-4668-BE54-9A1E7A4F7556}") = "FMS.ConsoleClient", "FMS.ConsoleClient\FMS.ConsoleClient.csproj", "{01844662-1819-4B74-8508-415683212719}"
EndProject
Project("{2150E333-8FDC-42A3-9474-1A3956D46DE8}") = "Data", "Data", "{85F507A6-BAC8-4103-AF17-CBB5B2F3FCF7}"
EndProject
Project("{9A19103F-16F7-4668-BE54-9A1E7A4F7556}") = "FMS.Data", "Data\FMS.Data\FMS.Data.csproj", "{4E6E8E68-FD42-45CC-91DB-514E4CD67ECF}"
EndProject
Project("{9A19103F-16F7-4668-BE54-9A1E7A4F7556}") = "FMS.Data.Models", "Data\FMS.Data.Models\FMS.Data.Models.csproj", "{F559272D-7040-4453-917A-DFF4EAEF246A}"
EndProject
Project("{2150E333-8FDC-42A3-9474-1A3956D46DE8}") = "Services", "Services", "{E45484CE-B3CD-4D29-944D-8C001CFEA03E}"
EndProject
Project("{2150E333-8FDC-42A3-9474-1A3956D46DE8}") = "Documentation", "Documentation", "{28B49EEF-284B-45B8-ABAD-6E7207083B5D}"
	ProjectSection(SolutionItems) = preProject
		Documentation\Data structure.docx = Documentation\Data structure.docx
		Documentation\Document.PNG = Documentation\Document.PNG
		Documentation\Employee.PNG = Documentation\Employee.PNG
		Documentation\Load.PNG = Documentation\Load.PNG
		Documentation\Request.PNG = Documentation\Request.PNG
		Documentation\RequestLoadLUP.PNG = Documentation\RequestLoadLUP.PNG
		Documentation\RequestToCompany.PNG = Documentation\RequestToCompany.PNG
	EndProjectSection
EndProject
Project("{9A19103F-16F7-4668-BE54-9A1E7A4F7556}") = "FMS.Services", "Services\FMS.Services\FMS.Services.csproj", "{C671D5CC-C225-46F2-9843-E20119172D7A}"
EndProject
Project("{9A19103F-16F7-4668-BE54-9A1E7A4F7556}") = "FMS.Services.Models", "Services\FMS.Services.Models\FMS.Services.Models.csproj", "{F11AC2D3-5FED-4B5A-B3A9-FD19DE8C9B52}"
EndProject
Project("{9A19103F-16F7-4668-BE54-9A1E7A4F7556}") = "FMS.WebClient", "FMS.WebClient\FMS.WebClient.csproj", "{3110D35D-E432-4EED-91DE-3E3AB9C47183}"
EndProject
Global
	GlobalSection(SolutionConfigurationPlatforms) = preSolution
		Debug|Any CPU = Debug|Any CPU
		Release|Any CPU = Release|Any CPU
	EndGlobalSection
	GlobalSection(ProjectConfigurationPlatforms) = postSolution
		{01844662-1819-4B74-8508-415683212719}.Debug|Any CPU.ActiveCfg = Debug|Any CPU
		{01844662-1819-4B74-8508-415683212719}.Debug|Any CPU.Build.0 = Debug|Any CPU
		{01844662-1819-4B74-8508-415683212719}.Release|Any CPU.ActiveCfg = Release|Any CPU
		{01844662-1819-4B74-8508-415683212719}.Release|Any CPU.Build.0 = Release|Any CPU
		{4E6E8E68-FD42-45CC-91DB-514E4CD67ECF}.Debug|Any CPU.ActiveCfg = Debug|Any CPU
		{4E6E8E68-FD42-45CC-91DB-514E4CD67ECF}.Debug|Any CPU.Build.0 = Debug|Any CPU
		{4E6E8E68-FD42-45CC-91DB-514E4CD67ECF}.Release|Any CPU.ActiveCfg = Release|Any CPU
		{4E6E8E68-FD42-45CC-91DB-514E4CD67ECF}.Release|Any CPU.Build.0 = Release|Any CPU
		{F559272D-7040-4453-917A-DFF4EAEF246A}.Debug|Any CPU.ActiveCfg = Debug|Any CPU
		{F559272D-7040-4453-917A-DFF4EAEF246A}.Debug|Any CPU.Build.0 = Debug|Any CPU
		{F559272D-7040-4453-917A-DFF4EAEF246A}.Release|Any CPU.ActiveCfg = Release|Any CPU
		{F559272D-7040-4453-917A-DFF4EAEF246A}.Release|Any CPU.Build.0 = Release|Any CPU
		{C671D5CC-C225-46F2-9843-E20119172D7A}.Debug|Any CPU.ActiveCfg = Debug|Any CPU
		{C671D5CC-C225-46F2-9843-E20119172D7A}.Debug|Any CPU.Build.0 = Debug|Any CPU
		{C671D5CC-C225-46F2-9843-E20119172D7A}.Release|Any CPU.ActiveCfg = Release|Any CPU
		{C671D5CC-C225-46F2-9843-E20119172D7A}.Release|Any CPU.Build.0 = Release|Any CPU
		{F11AC2D3-5FED-4B5A-B3A9-FD19DE8C9B52}.Debug|Any CPU.ActiveCfg = Debug|Any CPU
		{F11AC2D3-5FED-4B5A-B3A9-FD19DE8C9B52}.Debug|Any CPU.Build.0 = Debug|Any CPU
		{F11AC2D3-5FED-4B5A-B3A9-FD19DE8C9B52}.Release|Any CPU.ActiveCfg = Release|Any CPU
		{F11AC2D3-5FED-4B5A-B3A9-FD19DE8C9B52}.Release|Any CPU.Build.0 = Release|Any CPU
		{3110D35D-E432-4EED-91DE-3E3AB9C47183}.Debug|Any CPU.ActiveCfg = Debug|Any CPU
		{3110D35D-E432-4EED-91DE-3E3AB9C47183}.Debug|Any CPU.Build.0 = Debug|Any CPU
		{3110D35D-E432-4EED-91DE-3E3AB9C47183}.Release|Any CPU.ActiveCfg = Release|Any CPU
		{3110D35D-E432-4EED-91DE-3E3AB9C47183}.Release|Any CPU.Build.0 = Release|Any CPU
	EndGlobalSection
	GlobalSection(SolutionProperties) = preSolution
		HideSolutionNode = FALSE
	EndGlobalSection
	GlobalSection(NestedProjects) = preSolution
		{4E6E8E68-FD42-45CC-91DB-514E4CD67ECF} = {85F507A6-BAC8-4103-AF17-CBB5B2F3FCF7}
		{F559272D-7040-4453-917A-DFF4EAEF246A} = {85F507A6-BAC8-4103-AF17-CBB5B2F3FCF7}
		{C671D5CC-C225-46F2-9843-E20119172D7A} = {E45484CE-B3CD-4D29-944D-8C001CFEA03E}
		{F11AC2D3-5FED-4B5A-B3A9-FD19DE8C9B52} = {E45484CE-B3CD-4D29-944D-8C001CFEA03E}
	EndGlobalSection
	GlobalSection(ExtensibilityGlobals) = postSolution
		SolutionGuid = {6F223F0A-EFA2-45D2-83E9-93D7D0D7AC39}
	EndGlobalSection
EndGlobal
